// !$*UTF8*$!
{
	archiveVersion = 1;
	classes = {
	};
	objectVersion = 60;
	objects = {

/* Begin PBXBuildFile section */
		094F16D22BA0DAFA00CAD88B /* ViewController + InititalSetup.swift in Sources */ = {isa = PBXBuildFile; fileRef = 094F16D12BA0DAFA00CAD88B /* ViewController + InititalSetup.swift */; };
		09E884682BA369EA006F216F /* ViewController + navigation.swift in Sources */ = {isa = PBXBuildFile; fileRef = 09E884672BA369EA006F216F /* ViewController + navigation.swift */; };
		09E8846B2BA36F78006F216F /* GalleryComponent.swift in Sources */ = {isa = PBXBuildFile; fileRef = 09E8846A2BA36F78006F216F /* GalleryComponent.swift */; };
		09E8846D2BA36F80006F216F /* CameraComponent.swift in Sources */ = {isa = PBXBuildFile; fileRef = 09E8846C2BA36F80006F216F /* CameraComponent.swift */; };
		09E884712BA37AF6006F216F /* CameraComponent + View.swift in Sources */ = {isa = PBXBuildFile; fileRef = 09E884702BA37AF6006F216F /* CameraComponent + View.swift */; };
		09F070152BA10E7F005C7D10 /* ViewController+UIPicker.swift in Sources */ = {isa = PBXBuildFile; fileRef = 09F070142BA10E7F005C7D10 /* ViewController+UIPicker.swift */; };
		09F6BF972B9E5D7700985B2C /* AppDelegate.swift in Sources */ = {isa = PBXBuildFile; fileRef = 09F6BF962B9E5D7700985B2C /* AppDelegate.swift */; };
		09F6BF992B9E5D7700985B2C /* SceneDelegate.swift in Sources */ = {isa = PBXBuildFile; fileRef = 09F6BF982B9E5D7700985B2C /* SceneDelegate.swift */; };
		09F6BF9B2B9E5D7700985B2C /* ViewController.swift in Sources */ = {isa = PBXBuildFile; fileRef = 09F6BF9A2B9E5D7700985B2C /* ViewController.swift */; };
		09F6BFA02B9E5D7900985B2C /* Assets.xcassets in Resources */ = {isa = PBXBuildFile; fileRef = 09F6BF9F2B9E5D7900985B2C /* Assets.xcassets */; };
		09F6BFA32B9E5D7900985B2C /* LaunchScreen.storyboard in Resources */ = {isa = PBXBuildFile; fileRef = 09F6BFA12B9E5D7900985B2C /* LaunchScreen.storyboard */; };
		09F6BFAC2B9E622400985B2C /* KuwaharaFilter in Frameworks */ = {isa = PBXBuildFile; productRef = 09F6BFAB2B9E622400985B2C /* KuwaharaFilter */; };
/* End PBXBuildFile section */

/* Begin PBXFileReference section */
		094F16D12BA0DAFA00CAD88B /* ViewController + InititalSetup.swift */ = {isa = PBXFileReference; lastKnownFileType = sourcecode.swift; path = "ViewController + InititalSetup.swift"; sourceTree = "<group>"; };
		09E884672BA369EA006F216F /* ViewController + navigation.swift */ = {isa = PBXFileReference; lastKnownFileType = sourcecode.swift; path = "ViewController + navigation.swift"; sourceTree = "<group>"; };
		09E8846A2BA36F78006F216F /* GalleryComponent.swift */ = {isa = PBXFileReference; lastKnownFileType = sourcecode.swift; path = GalleryComponent.swift; sourceTree = "<group>"; };
		09E8846C2BA36F80006F216F /* CameraComponent.swift */ = {isa = PBXFileReference; lastKnownFileType = sourcecode.swift; path = CameraComponent.swift; sourceTree = "<group>"; };
		09E884702BA37AF6006F216F /* CameraComponent + View.swift */ = {isa = PBXFileReference; lastKnownFileType = sourcecode.swift; path = "CameraComponent + View.swift"; sourceTree = "<group>"; };
		09F070142BA10E7F005C7D10 /* ViewController+UIPicker.swift */ = {isa = PBXFileReference; lastKnownFileType = sourcecode.swift; path = "ViewController+UIPicker.swift"; sourceTree = "<group>"; };
		09F6BF932B9E5D7700985B2C /* KuwaharaSample.app */ = {isa = PBXFileReference; explicitFileType = wrapper.application; includeInIndex = 0; path = KuwaharaSample.app; sourceTree = BUILT_PRODUCTS_DIR; };
		09F6BF962B9E5D7700985B2C /* AppDelegate.swift */ = {isa = PBXFileReference; lastKnownFileType = sourcecode.swift; path = AppDelegate.swift; sourceTree = "<group>"; };
		09F6BF982B9E5D7700985B2C /* SceneDelegate.swift */ = {isa = PBXFileReference; lastKnownFileType = sourcecode.swift; path = SceneDelegate.swift; sourceTree = "<group>"; };
		09F6BF9A2B9E5D7700985B2C /* ViewController.swift */ = {isa = PBXFileReference; lastKnownFileType = sourcecode.swift; path = ViewController.swift; sourceTree = "<group>"; };
		09F6BF9F2B9E5D7900985B2C /* Assets.xcassets */ = {isa = PBXFileReference; lastKnownFileType = folder.assetcatalog; path = Assets.xcassets; sourceTree = "<group>"; };
		09F6BFA22B9E5D7900985B2C /* Base */ = {isa = PBXFileReference; lastKnownFileType = file.storyboard; name = Base; path = Base.lproj/LaunchScreen.storyboard; sourceTree = "<group>"; };
		09F6BFA42B9E5D7900985B2C /* Info.plist */ = {isa = PBXFileReference; lastKnownFileType = text.plist.xml; path = Info.plist; sourceTree = "<group>"; };
/* End PBXFileReference section */

/* Begin PBXFrameworksBuildPhase section */
		09F6BF902B9E5D7700985B2C /* Frameworks */ = {
			isa = PBXFrameworksBuildPhase;
			buildActionMask = 2147483647;
			files = (
				09F6BFAC2B9E622400985B2C /* KuwaharaFilter in Frameworks */,
			);
			runOnlyForDeploymentPostprocessing = 0;
		};
/* End PBXFrameworksBuildPhase section */

/* Begin PBXGroup section */
		09E884692BA36F5F006F216F /* SystemComponents */ = {
			isa = PBXGroup;
			children = (
				09E8846A2BA36F78006F216F /* GalleryComponent.swift */,
				09E8846C2BA36F80006F216F /* CameraComponent.swift */,
				09E884702BA37AF6006F216F /* CameraComponent + View.swift */,
			);
			path = SystemComponents;
			sourceTree = "<group>";
		};
		09F070132BA10E67005C7D10 /* ViewController */ = {
			isa = PBXGroup;
			children = (
				09F6BF9A2B9E5D7700985B2C /* ViewController.swift */,
				094F16D12BA0DAFA00CAD88B /* ViewController + InititalSetup.swift */,
				09F070142BA10E7F005C7D10 /* ViewController+UIPicker.swift */,
				09E884672BA369EA006F216F /* ViewController + navigation.swift */,
			);
			path = ViewController;
			sourceTree = "<group>";
		};
		09F6BF8A2B9E5D7700985B2C = {
			isa = PBXGroup;
			children = (
				09F6BF952B9E5D7700985B2C /* KuwaharaSample */,
				09F6BF942B9E5D7700985B2C /* Products */,
			);
			sourceTree = "<group>";
		};
		09F6BF942B9E5D7700985B2C /* Products */ = {
			isa = PBXGroup;
			children = (
				09F6BF932B9E5D7700985B2C /* KuwaharaSample.app */,
			);
			name = Products;
			sourceTree = "<group>";
		};
		09F6BF952B9E5D7700985B2C /* KuwaharaSample */ = {
			isa = PBXGroup;
			children = (
				09E884692BA36F5F006F216F /* SystemComponents */,
				09F070132BA10E67005C7D10 /* ViewController */,
				09F6BF962B9E5D7700985B2C /* AppDelegate.swift */,
				09F6BF982B9E5D7700985B2C /* SceneDelegate.swift */,
				09F6BF9F2B9E5D7900985B2C /* Assets.xcassets */,
				09F6BFA12B9E5D7900985B2C /* LaunchScreen.storyboard */,
				09F6BFA42B9E5D7900985B2C /* Info.plist */,
			);
			path = KuwaharaSample;
			sourceTree = "<group>";
		};
/* End PBXGroup section */

/* Begin PBXNativeTarget section */
		09F6BF922B9E5D7700985B2C /* KuwaharaSample */ = {
			isa = PBXNativeTarget;
			buildConfigurationList = 09F6BFA72B9E5D7900985B2C /* Build configuration list for PBXNativeTarget "KuwaharaSample" */;
			buildPhases = (
				09F6BF8F2B9E5D7700985B2C /* Sources */,
				09F6BF902B9E5D7700985B2C /* Frameworks */,
				09F6BF912B9E5D7700985B2C /* Resources */,
			);
			buildRules = (
			);
			dependencies = (
			);
			name = KuwaharaSample;
			packageProductDependencies = (
				09F6BFAB2B9E622400985B2C /* KuwaharaFilter */,
			);
			productName = KuwaharaSample;
			productReference = 09F6BF932B9E5D7700985B2C /* KuwaharaSample.app */;
			productType = "com.apple.product-type.application";
		};
/* End PBXNativeTarget section */

/* Begin PBXProject section */
		09F6BF8B2B9E5D7700985B2C /* Project object */ = {
			isa = PBXProject;
			attributes = {
				BuildIndependentTargetsInParallel = 1;
				LastSwiftUpdateCheck = 1500;
				LastUpgradeCheck = 1500;
				TargetAttributes = {
					09F6BF922B9E5D7700985B2C = {
						CreatedOnToolsVersion = 15.0.1;
					};
				};
			};
			buildConfigurationList = 09F6BF8E2B9E5D7700985B2C /* Build configuration list for PBXProject "KuwaharaSample" */;
			compatibilityVersion = "Xcode 14.0";
			developmentRegion = en;
			hasScannedForEncodings = 0;
			knownRegions = (
				en,
				Base,
			);
			mainGroup = 09F6BF8A2B9E5D7700985B2C;
			packageReferences = (
				09F6BFAA2B9E622400985B2C /* XCLocalSwiftPackageReference ".." */,
			);
			productRefGroup = 09F6BF942B9E5D7700985B2C /* Products */;
			projectDirPath = "";
			projectRoot = "";
			targets = (
				09F6BF922B9E5D7700985B2C /* KuwaharaSample */,
			);
		};
/* End PBXProject section */

/* Begin PBXResourcesBuildPhase section */
		09F6BF912B9E5D7700985B2C /* Resources */ = {
			isa = PBXResourcesBuildPhase;
			buildActionMask = 2147483647;
			files = (
				09F6BFA32B9E5D7900985B2C /* LaunchScreen.storyboard in Resources */,
				09F6BFA02B9E5D7900985B2C /* Assets.xcassets in Resources */,
			);
			runOnlyForDeploymentPostprocessing = 0;
		};
/* End PBXResourcesBuildPhase section */

/* Begin PBXSourcesBuildPhase section */
		09F6BF8F2B9E5D7700985B2C /* Sources */ = {
			isa = PBXSourcesBuildPhase;
			buildActionMask = 2147483647;
			files = (
				09E884712BA37AF6006F216F /* CameraComponent + View.swift in Sources */,
				09F6BF9B2B9E5D7700985B2C /* ViewController.swift in Sources */,
				09F6BF972B9E5D7700985B2C /* AppDelegate.swift in Sources */,
				09F6BF992B9E5D7700985B2C /* SceneDelegate.swift in Sources */,
				094F16D22BA0DAFA00CAD88B /* ViewController + InititalSetup.swift in Sources */,
				09E8846D2BA36F80006F216F /* CameraComponent.swift in Sources */,
				09E8846B2BA36F78006F216F /* GalleryComponent.swift in Sources */,
				09E884682BA369EA006F216F /* ViewController + navigation.swift in Sources */,
				09F070152BA10E7F005C7D10 /* ViewController+UIPicker.swift in Sources */,
			);
			runOnlyForDeploymentPostprocessing = 0;
		};
/* End PBXSourcesBuildPhase section */

/* Begin PBXVariantGroup section */
		09F6BFA12B9E5D7900985B2C /* LaunchScreen.storyboard */ = {
			isa = PBXVariantGroup;
			children = (
				09F6BFA22B9E5D7900985B2C /* Base */,
			);
			name = LaunchScreen.storyboard;
			sourceTree = "<group>";
		};
/* End PBXVariantGroup section */

/* Begin XCBuildConfiguration section */
		09F6BFA52B9E5D7900985B2C /* Debug */ = {
			isa = XCBuildConfiguration;
			buildSettings = {
				ALWAYS_SEARCH_USER_PATHS = NO;
				ASSETCATALOG_COMPILER_GENERATE_SWIFT_ASSET_SYMBOL_EXTENSIONS = YES;
				CLANG_ANALYZER_NONNULL = YES;
				CLANG_ANALYZER_NUMBER_OBJECT_CONVERSION = YES_AGGRESSIVE;
				CLANG_CXX_LANGUAGE_STANDARD = "gnu++20";
				CLANG_ENABLE_MODULES = YES;
				CLANG_ENABLE_OBJC_ARC = YES;
				CLANG_ENABLE_OBJC_WEAK = YES;
				CLANG_WARN_BLOCK_CAPTURE_AUTORELEASING = YES;
				CLANG_WARN_BOOL_CONVERSION = YES;
				CLANG_WARN_COMMA = YES;
				CLANG_WARN_CONSTANT_CONVERSION = YES;
				CLANG_WARN_DEPRECATED_OBJC_IMPLEMENTATIONS = YES;
				CLANG_WARN_DIRECT_OBJC_ISA_USAGE = YES_ERROR;
				CLANG_WARN_DOCUMENTATION_COMMENTS = YES;
				CLANG_WARN_EMPTY_BODY = YES;
				CLANG_WARN_ENUM_CONVERSION = YES;
				CLANG_WARN_INFINITE_RECURSION = YES;
				CLANG_WARN_INT_CONVERSION = YES;
				CLANG_WARN_NON_LITERAL_NULL_CONVERSION = YES;
				CLANG_WARN_OBJC_IMPLICIT_RETAIN_SELF = YES;
				CLANG_WARN_OBJC_LITERAL_CONVERSION = YES;
				CLANG_WARN_OBJC_ROOT_CLASS = YES_ERROR;
				CLANG_WARN_QUOTED_INCLUDE_IN_FRAMEWORK_HEADER = YES;
				CLANG_WARN_RANGE_LOOP_ANALYSIS = YES;
				CLANG_WARN_STRICT_PROTOTYPES = YES;
				CLANG_WARN_SUSPICIOUS_MOVE = YES;
				CLANG_WARN_UNGUARDED_AVAILABILITY = YES_AGGRESSIVE;
				CLANG_WARN_UNREACHABLE_CODE = YES;
				CLANG_WARN__DUPLICATE_METHOD_MATCH = YES;
				COPY_PHASE_STRIP = NO;
				DEBUG_INFORMATION_FORMAT = dwarf;
				ENABLE_STRICT_OBJC_MSGSEND = YES;
				ENABLE_TESTABILITY = YES;
				ENABLE_USER_SCRIPT_SANDBOXING = YES;
				GCC_C_LANGUAGE_STANDARD = gnu17;
				GCC_DYNAMIC_NO_PIC = NO;
				GCC_NO_COMMON_BLOCKS = YES;
				GCC_OPTIMIZATION_LEVEL = 0;
				GCC_PREPROCESSOR_DEFINITIONS = (
					"DEBUG=1",
					"$(inherited)",
				);
				GCC_WARN_64_TO_32_BIT_CONVERSION = YES;
				GCC_WARN_ABOUT_RETURN_TYPE = YES_ERROR;
				GCC_WARN_UNDECLARED_SELECTOR = YES;
				GCC_WARN_UNINITIALIZED_AUTOS = YES_AGGRESSIVE;
				GCC_WARN_UNUSED_FUNCTION = YES;
				GCC_WARN_UNUSED_VARIABLE = YES;
				IPHONEOS_DEPLOYMENT_TARGET = 17.0;
				LOCALIZATION_PREFERS_STRING_CATALOGS = YES;
				MTL_ENABLE_DEBUG_INFO = INCLUDE_SOURCE;
				MTL_FAST_MATH = YES;
				ONLY_ACTIVE_ARCH = YES;
				SDKROOT = iphoneos;
				SWIFT_ACTIVE_COMPILATION_CONDITIONS = "DEBUG $(inherited)";
				SWIFT_OPTIMIZATION_LEVEL = "-Onone";
			};
			name = Debug;
		};
		09F6BFA62B9E5D7900985B2C /* Release */ = {
			isa = XCBuildConfiguration;
			buildSettings = {
				ALWAYS_SEARCH_USER_PATHS = NO;
				ASSETCATALOG_COMPILER_GENERATE_SWIFT_ASSET_SYMBOL_EXTENSIONS = YES;
				CLANG_ANALYZER_NONNULL = YES;
				CLANG_ANALYZER_NUMBER_OBJECT_CONVERSION = YES_AGGRESSIVE;
				CLANG_CXX_LANGUAGE_STANDARD = "gnu++20";
				CLANG_ENABLE_MODULES = YES;
				CLANG_ENABLE_OBJC_ARC = YES;
				CLANG_ENABLE_OBJC_WEAK = YES;
				CLANG_WARN_BLOCK_CAPTURE_AUTORELEASING = YES;
				CLANG_WARN_BOOL_CONVERSION = YES;
				CLANG_WARN_COMMA = YES;
				CLANG_WARN_CONSTANT_CONVERSION = YES;
				CLANG_WARN_DEPRECATED_OBJC_IMPLEMENTATIONS = YES;
				CLANG_WARN_DIRECT_OBJC_ISA_USAGE = YES_ERROR;
				CLANG_WARN_DOCUMENTATION_COMMENTS = YES;
				CLANG_WARN_EMPTY_BODY = YES;
				CLANG_WARN_ENUM_CONVERSION = YES;
				CLANG_WARN_INFINITE_RECURSION = YES;
				CLANG_WARN_INT_CONVERSION = YES;
				CLANG_WARN_NON_LITERAL_NULL_CONVERSION = YES;
				CLANG_WARN_OBJC_IMPLICIT_RETAIN_SELF = YES;
				CLANG_WARN_OBJC_LITERAL_CONVERSION = YES;
				CLANG_WARN_OBJC_ROOT_CLASS = YES_ERROR;
				CLANG_WARN_QUOTED_INCLUDE_IN_FRAMEWORK_HEADER = YES;
				CLANG_WARN_RANGE_LOOP_ANALYSIS = YES;
				CLANG_WARN_STRICT_PROTOTYPES = YES;
				CLANG_WARN_SUSPICIOUS_MOVE = YES;
				CLANG_WARN_UNGUARDED_AVAILABILITY = YES_AGGRESSIVE;
				CLANG_WARN_UNREACHABLE_CODE = YES;
				CLANG_WARN__DUPLICATE_METHOD_MATCH = YES;
				COPY_PHASE_STRIP = NO;
				DEBUG_INFORMATION_FORMAT = "dwarf-with-dsym";
				ENABLE_NS_ASSERTIONS = NO;
				ENABLE_STRICT_OBJC_MSGSEND = YES;
				ENABLE_USER_SCRIPT_SANDBOXING = YES;
				GCC_C_LANGUAGE_STANDARD = gnu17;
				GCC_NO_COMMON_BLOCKS = YES;
				GCC_WARN_64_TO_32_BIT_CONVERSION = YES;
				GCC_WARN_ABOUT_RETURN_TYPE = YES_ERROR;
				GCC_WARN_UNDECLARED_SELECTOR = YES;
				GCC_WARN_UNINITIALIZED_AUTOS = YES_AGGRESSIVE;
				GCC_WARN_UNUSED_FUNCTION = YES;
				GCC_WARN_UNUSED_VARIABLE = YES;
				IPHONEOS_DEPLOYMENT_TARGET = 17.0;
				LOCALIZATION_PREFERS_STRING_CATALOGS = YES;
				MTL_ENABLE_DEBUG_INFO = NO;
				MTL_FAST_MATH = YES;
				SDKROOT = iphoneos;
				SWIFT_COMPILATION_MODE = wholemodule;
				VALIDATE_PRODUCT = YES;
			};
			name = Release;
		};
		09F6BFA82B9E5D7900985B2C /* Debug */ = {
			isa = XCBuildConfiguration;
			buildSettings = {
				ASSETCATALOG_COMPILER_APPICON_NAME = AppIcon;
				ASSETCATALOG_COMPILER_GLOBAL_ACCENT_COLOR_NAME = AccentColor;
				CODE_SIGN_STYLE = Automatic;
				CURRENT_PROJECT_VERSION = 1;
				DEVELOPMENT_TEAM = G8P85U8XP2;
				GENERATE_INFOPLIST_FILE = YES;
				INFOPLIST_FILE = KuwaharaSample/Info.plist;
				INFOPLIST_KEY_NSCameraUsageDescription = "So you can take photos and customize them without leaving the app.";
				INFOPLIST_KEY_NSPhotoLibraryUsageDescription = "So you can customize your already existing photos";
				INFOPLIST_KEY_UIApplicationSupportsIndirectInputEvents = YES;
				INFOPLIST_KEY_UILaunchStoryboardName = LaunchScreen;
				INFOPLIST_KEY_UISupportedInterfaceOrientations_iPhone = UIInterfaceOrientationPortrait;
				LD_RUNPATH_SEARCH_PATHS = (
					"$(inherited)",
					"@executable_path/Frameworks",
				);
				MARKETING_VERSION = 1.0;
				PRODUCT_BUNDLE_IDENTIFIER = com.lugalu.KuwaharaSample;
				PRODUCT_NAME = "$(TARGET_NAME)";
				SUPPORTED_PLATFORMS = "iphoneos iphonesimulator";
				SUPPORTS_MACCATALYST = NO;
				SUPPORTS_MAC_DESIGNED_FOR_IPHONE_IPAD = NO;
				SWIFT_EMIT_LOC_STRINGS = YES;
				SWIFT_VERSION = 5.0;
				TARGETED_DEVICE_FAMILY = 1;
			};
			name = Debug;
		};
		09F6BFA92B9E5D7900985B2C /* Release */ = {
			isa = XCBuildConfiguration;
			buildSettings = {
				ASSETCATALOG_COMPILER_APPICON_NAME = AppIcon;
				ASSETCATALOG_COMPILER_GLOBAL_ACCENT_COLOR_NAME = AccentColor;
				CODE_SIGN_STYLE = Automatic;
				CURRENT_PROJECT_VERSION = 1;
				DEVELOPMENT_TEAM = G8P85U8XP2;
				GENERATE_INFOPLIST_FILE = YES;
				INFOPLIST_FILE = KuwaharaSample/Info.plist;
				INFOPLIST_KEY_NSCameraUsageDescription = "So you can take photos and customize them without leaving the app.";
				INFOPLIST_KEY_NSPhotoLibraryUsageDescription = "So you can customize your already existing photos";
				INFOPLIST_KEY_UIApplicationSupportsIndirectInputEvents = YES;
				INFOPLIST_KEY_UILaunchStoryboardName = LaunchScreen;
				INFOPLIST_KEY_UISupportedInterfaceOrientations_iPhone = UIInterfaceOrientationPortrait;
				LD_RUNPATH_SEARCH_PATHS = (
					"$(inherited)",
					"@executable_path/Frameworks",
				);
				MARKETING_VERSION = 1.0;
				PRODUCT_BUNDLE_IDENTIFIER = com.lugalu.KuwaharaSample;
				PRODUCT_NAME = "$(TARGET_NAME)";
				SUPPORTED_PLATFORMS = "iphoneos iphonesimulator";
				SUPPORTS_MACCATALYST = NO;
				SUPPORTS_MAC_DESIGNED_FOR_IPHONE_IPAD = NO;
				SWIFT_EMIT_LOC_STRINGS = YES;
				SWIFT_VERSION = 5.0;
				TARGETED_DEVICE_FAMILY = 1;
			};
			name = Release;
		};
/* End XCBuildConfiguration section */

/* Begin XCConfigurationList section */
		09F6BF8E2B9E5D7700985B2C /* Build configuration list for PBXProject "KuwaharaSample" */ = {
			isa = XCConfigurationList;
			buildConfigurations = (
				09F6BFA52B9E5D7900985B2C /* Debug */,
				09F6BFA62B9E5D7900985B2C /* Release */,
			);
			defaultConfigurationIsVisible = 0;
			defaultConfigurationName = Release;
		};
		09F6BFA72B9E5D7900985B2C /* Build configuration list for PBXNativeTarget "KuwaharaSample" */ = {
			isa = XCConfigurationList;
			buildConfigurations = (
				09F6BFA82B9E5D7900985B2C /* Debug */,
				09F6BFA92B9E5D7900985B2C /* Release */,
			);
			defaultConfigurationIsVisible = 0;
			defaultConfigurationName = Release;
		};
/* End XCConfigurationList section */

/* Begin XCLocalSwiftPackageReference section */
		09F6BFAA2B9E622400985B2C /* XCLocalSwiftPackageReference ".." */ = {
			isa = XCLocalSwiftPackageReference;
			relativePath = ..;
		};
/* End XCLocalSwiftPackageReference section */

/* Begin XCSwiftPackageProductDependency section */
		09F6BFAB2B9E622400985B2C /* KuwaharaFilter */ = {
			isa = XCSwiftPackageProductDependency;
			productName = KuwaharaFilter;
		};
/* End XCSwiftPackageProductDependency section */
	};
	rootObject = 09F6BF8B2B9E5D7700985B2C /* Project object */;
}
